{
  "name": "superon",
  "version": "1.0.0",
  "lockfileVersion": 1,
  "requires": true,
  "dependencies": {
    "filtrex": {
      "version": "2.1.0",
      "resolved": "https://registry.npmjs.org/filtrex/-/filtrex-2.1.0.tgz",
      "integrity": "sha512-iP/mJEwLPmxPhIK9uK1XGAgUoKYc+lnkWkDHBcTS6XH2z7KZrTY1hz1tMzCOoTHNyYZozlcz/wXcsXPJoSUwbg==",
      "dev": true
    },
    "json-logic-js": {
      "version": "2.0.0",
      "resolved": "https://registry.npmjs.org/json-logic-js/-/json-logic-js-2.0.0.tgz",
      "integrity": "sha512-cQBDOXgFtFladCg99wnQ7YfN+nv1+Sznj4K6bp3CTgDJNJKgEXJE2VCXzVBjEU2e1UagDHSek52IQk5Ha38n7Q==",
      "dev": true
    }
  }
}
